{
  "version": "3.2.1",
  "lockfileVersion": 1,
  "requires": true,
  "dependencies": {
    "easiest-js-validator": {
      "version": "1.0.8",
      "resolved": "https://registry.npmjs.org/easiest-js-validator/-/easiest-js-validator-1.0.8.tgz",
      "integrity": "sha1-/tmxfB1teuyQzN6oKAkirsO3Cx4="
    },
    "yarn": {
      "version": "1.7.0",
      "resolved": "https://registry.npmjs.org/yarn/-/yarn-1.7.0.tgz",
      "integrity": "sha1-AHa5/eYBDgGVBSamCbxTvBde+SU=",
      "dev": true
    }
  }
}
